
Microsoft Visual Studio Solution File, Format Version 12.00
# Visual Studio Version 17
VisualStudioVersion = 17.9.34622.214
MinimumVisualStudioVersion = 10.0.40219.1
Project("{FAE04EC0-301F-11D3-BF4B-00C04F79EFBC}") = "Laborator_05", "Laborator_05\Laborator_05.csproj", "{61431578-E0F4-4E34-A258-04596B79FF8B}"
EndProject
Global
	GlobalSection(SolutionConfigurationPlatforms) = preSolution
		Debug|Any CPU = Debug|Any CPU
		Release|Any CPU = Release|Any CPU
	EndGlobalSection
	GlobalSection(ProjectConfigurationPlatforms) = postSolution
		{61431578-E0F4-4E34-A258-04596B79FF8B}.Debug|Any CPU.ActiveCfg = Debug|Any CPU
		{61431578-E0F4-4E34-A258-04596B79FF8B}.Debug|Any CPU.Build.0 = Debug|Any CPU
		{61431578-E0F4-4E34-A258-04596B79FF8B}.Release|Any CPU.ActiveCfg = Release|Any CPU
		{61431578-E0F4-4E34-A258-04596B79FF8B}.Release|Any CPU.Build.0 = Release|Any CPU
	EndGlobalSection
	GlobalSection(SolutionProperties) = preSolution
		HideSolutionNode = FALSE
	EndGlobalSection
	GlobalSection(ExtensibilityGlobals) = postSolution
		SolutionGuid = {EDEA200E-70B9-4D7F-BB98-351BBAC2369F}
	EndGlobalSection
EndGlobal
